{
  "requires": true,
  "lockfileVersion": 1,
  "dependencies": {
    "dateonly": {
      "version": "1.2.0",
      "resolved": "https://registry.npmjs.org/dateonly/-/dateonly-1.2.0.tgz",
      "integrity": "sha512-Ak0hTbIT6NLVt6rSKSFmh1AckdEPl/gx0cyOYKi3vAxCMJBAOVqdXAGpxvslGYPk6NIzD2EJEFFVVc/AHbFvgw=="
    }
  }
}
